# This file is automatically @generated by Cargo.
# It is not intended for manual editing.
version = 3

[[package]]
name = "cc"
version = "1.0.83"
source = "registry+https://github.com/rust-lang/crates.io-index"
checksum = "f1174fb0b6ec23863f8b971027804a42614e347eafb0a95bf0b12cdae21fc4d0"
dependencies = [
 "libc 0.2.151",
]

[[package]]
name = "cfg-if"
version = "1.0.0"
source = "registry+https://github.com/rust-lang/crates.io-index"
checksum = "baf1de4339761588bc0619e3cbc0120ee582ebb74b53b4efbf79117bd2da40fd"

[[package]]
name = "crossbeam-channel"
version = "0.5.9"
source = "registry+https://github.com/rust-lang/crates.io-index"
checksum = "14c3242926edf34aec4ac3a77108ad4854bffaa2e4ddc1824124ce59231302d5"
dependencies = [
 "cfg-if",
 "crossbeam-utils",
]

[[package]]
name = "crossbeam-utils"
version = "0.8.17"
source = "registry+https://github.com/rust-lang/crates.io-index"
checksum = "c06d96137f14f244c37f989d9fff8f95e6c18b918e71f36638f8c49112e4c78f"
dependencies = [
 "cfg-if",
]

[[package]]
name = "fdt"
version = "0.1.5"
source = "registry+https://github.com/rust-lang/crates.io-index"
checksum = "784a4df722dc6267a04af36895398f59d21d07dce47232adf31ec0ff2fa45e67"

[[package]]
name = "gz"
version = "0.7.4"
source = "registry+https://github.com/rust-lang/crates.io-index"
checksum = "b38777944561088d2ba4f0940a21ef2ed792d699d57eef6025e1531d92761fb3"
dependencies = [
 "gz-msgs",
 "gz-transport",
]

[[package]]
name = "gz-msgs"
version = "0.7.4"
source = "registry+https://github.com/rust-lang/crates.io-index"
checksum = "215cbb4a1b535e25bc168cb9d9e66f5635f1a22f5f6c38c8ede283de854872b2"
dependencies = [
 "gz-msgs-common",
 "pkg-config",
 "protobuf",
]

[[package]]
name = "gz-msgs-common"
version = "0.7.4"
source = "registry+https://github.com/rust-lang/crates.io-index"
checksum = "c7f87e5dba09a49ad1fc827b2a475eb18a40d3b13dd5e19e9f7f4c542deeb43e"
dependencies = [
 "gz-msgs-derive",
 "protobuf",
]

[[package]]
name = "gz-msgs-derive"
version = "0.7.4"
source = "registry+https://github.com/rust-lang/crates.io-index"
checksum = "558423ce9783022be80043db4acf68b36a3efefcc99726b12efe1bd61bb0163d"
dependencies = [
 "quote",
 "syn",
]

[[package]]
name = "gz-transport"
version = "0.7.4"
source = "registry+https://github.com/rust-lang/crates.io-index"
checksum = "adfdf46a5a0816289dbce962e05980f20489f55019553e9f049d538c0eb06d44"
dependencies = [
 "crossbeam-channel",
 "gz-msgs-common",
 "gz-transport-sys",
 "log",
]

[[package]]
name = "gz-transport-sys"
version = "0.7.4"
source = "registry+https://github.com/rust-lang/crates.io-index"
checksum = "1e632ec7ab486ed6d6970f92de7e64b751de43a0adadc55b7ce06d2fb9838a9c"
dependencies = [
 "cc",
 "pkg-config",
]

[[package]]
name = "libc"
version = "0.2.150"
source = "git+https://github.com/rust-lang/libc.git#497ac428bc010b5db9682ecf94cd567b31d53e5c"

[[package]]
name = "libc"
version = "0.2.151"
source = "registry+https://github.com/rust-lang/crates.io-index"
checksum = "302d7ab3130588088d277783b1e2d2e10c9e9e4a16dd9050e6ec93fb3e7048f4"

[[package]]
name = "log"
version = "0.4.20"
source = "registry+https://github.com/rust-lang/crates.io-index"
checksum = "b5e6163cb8c49088c2c36f57875e58ccd8c87c7427f7fbd50ea6710b2f3f2e8f"

[[package]]
name = "once_cell"
version = "1.19.0"
source = "registry+https://github.com/rust-lang/crates.io-index"
checksum = "3fdb12b2476b595f9358c5161aa467c2438859caa136dec86c26fdd2efe17b92"

[[package]]
name = "pkg-config"
version = "0.3.27"
source = "registry+https://github.com/rust-lang/crates.io-index"
checksum = "26072860ba924cbfa98ea39c8c19b4dd6a4a25423dbdf219c1eca91aa0cf6964"

[[package]]
name = "proc-macro2"
version = "1.0.70"
source = "registry+https://github.com/rust-lang/crates.io-index"
checksum = "39278fbbf5fb4f646ce651690877f89d1c5811a3d4acb27700c1cb3cdb78fd3b"
dependencies = [
 "unicode-ident",
]

[[package]]
name = "protobuf"
version = "3.3.0"
source = "registry+https://github.com/rust-lang/crates.io-index"
checksum = "b65f4a8ec18723a734e5dc09c173e0abf9690432da5340285d536edcb4dac190"
dependencies = [
 "once_cell",
 "protobuf-support",
 "thiserror",
]

[[package]]
name = "protobuf-support"
version = "3.3.0"
source = "registry+https://github.com/rust-lang/crates.io-index"
checksum = "6872f4d4f4b98303239a2b5838f5bbbb77b01ffc892d627957f37a22d7cfe69c"
dependencies = [
 "thiserror",
]

[[package]]
name = "quote"
version = "1.0.33"
source = "registry+https://github.com/rust-lang/crates.io-index"
checksum = "5267fca4496028628a95160fc423a33e8b2e6af8a5302579e322e4b520293cae"
dependencies = [
 "proc-macro2",
]

[[package]]
name = "rpos"
version = "0.1.0"
dependencies = [
 "fdt",
 "libc 0.2.150",
]

[[package]]
name = "rust_pilot"
version = "0.1.0"
dependencies = [
 "gz",
 "rpos",
]

[[package]]
name = "syn"
version = "2.0.41"
source = "registry+https://github.com/rust-lang/crates.io-index"
checksum = "44c8b28c477cc3bf0e7966561e3460130e1255f7a1cf71931075f1c5e7a7e269"
dependencies = [
 "proc-macro2",
 "quote",
 "unicode-ident",
]

[[package]]
name = "thiserror"
version = "1.0.50"
source = "registry+https://github.com/rust-lang/crates.io-index"
checksum = "f9a7210f5c9a7156bb50aa36aed4c95afb51df0df00713949448cf9e97d382d2"
dependencies = [
 "thiserror-impl",
]

[[package]]
name = "thiserror-impl"
version = "1.0.50"
source = "registry+https://github.com/rust-lang/crates.io-index"
checksum = "266b2e40bc00e5a6c09c3584011e08b06f123c00362c92b975ba9843aaaa14b8"
dependencies = [
 "proc-macro2",
 "quote",
 "syn",
]

[[package]]
name = "unicode-ident"
version = "1.0.12"
source = "registry+https://github.com/rust-lang/crates.io-index"
checksum = "3354b9ac3fae1ff6755cb6db53683adb661634f67557942dea4facebec0fee4b"
